
Microsoft Visual Studio Solution File, Format Version 12.00
# Visual Studio Version 16
VisualStudioVersion = 16.0.33328.57
MinimumVisualStudioVersion = 10.0.40219.1
Project("{FAE04EC0-301F-11D3-BF4B-00C04F79EFBC}") = "C-Sharp_Basics_24-04-23", "C-Sharp_Basics_24-04-23\C-Sharp_Basics_24-04-23.csproj", "{EFBA5437-6B47-45AF-809E-47B0C427CCF7}"
EndProject
Global
	GlobalSection(SolutionConfigurationPlatforms) = preSolution
		Debug|Any CPU = Debug|Any CPU
		Release|Any CPU = Release|Any CPU
	EndGlobalSection
	GlobalSection(ProjectConfigurationPlatforms) = postSolution
		{EFBA5437-6B47-45AF-809E-47B0C427CCF7}.Debug|Any CPU.ActiveCfg = Debug|Any CPU
		{EFBA5437-6B47-45AF-809E-47B0C427CCF7}.Debug|Any CPU.Build.0 = Debug|Any CPU
		{EFBA5437-6B47-45AF-809E-47B0C427CCF7}.Release|Any CPU.ActiveCfg = Release|Any CPU
		{EFBA5437-6B47-45AF-809E-47B0C427CCF7}.Release|Any CPU.Build.0 = Release|Any CPU
	EndGlobalSection
	GlobalSection(SolutionProperties) = preSolution
		HideSolutionNode = FALSE
	EndGlobalSection
	GlobalSection(ExtensibilityGlobals) = postSolution
		SolutionGuid = {9FC9B25C-55D0-416E-A2FA-109822EB1FCC}
	EndGlobalSection
EndGlobal
